// !$*UTF8*$!
{
	archiveVersion = 1;
	classes = {
	};
	objectVersion = 55;
	objects = {

/* Begin PBXBuildFile section */
		5EC669E528F93E7F0001B1E3 /* AppDelegate.swift in Sources */ = {isa = PBXBuildFile; fileRef = 5EC669E428F93E7F0001B1E3 /* AppDelegate.swift */; };
		5EC669E728F93E7F0001B1E3 /* SceneDelegate.swift in Sources */ = {isa = PBXBuildFile; fileRef = 5EC669E628F93E7F0001B1E3 /* SceneDelegate.swift */; };
		5EC669E928F93E7F0001B1E3 /* ViewController.swift in Sources */ = {isa = PBXBuildFile; fileRef = 5EC669E828F93E7F0001B1E3 /* ViewController.swift */; };
		5EC669EC28F93E7F0001B1E3 /* Main.storyboard in Resources */ = {isa = PBXBuildFile; fileRef = 5EC669EA28F93E7F0001B1E3 /* Main.storyboard */; };
		5EC669EE28F93E7F0001B1E3 /* Assets.xcassets in Resources */ = {isa = PBXBuildFile; fileRef = 5EC669ED28F93E7F0001B1E3 /* Assets.xcassets */; };
		5EC669F128F93E7F0001B1E3 /* LaunchScreen.storyboard in Resources */ = {isa = PBXBuildFile; fileRef = 5EC669EF28F93E7F0001B1E3 /* LaunchScreen.storyboard */; };
		5EC669FC28F93E800001B1E3 /* PizenattoTests.swift in Sources */ = {isa = PBXBuildFile; fileRef = 5EC669FB28F93E800001B1E3 /* PizenattoTests.swift */; };
		5EC66A0628F93E800001B1E3 /* PizenattoUITests.swift in Sources */ = {isa = PBXBuildFile; fileRef = 5EC66A0528F93E800001B1E3 /* PizenattoUITests.swift */; };
		5EC66A0828F93E800001B1E3 /* PizenattoUITestsLaunchTests.swift in Sources */ = {isa = PBXBuildFile; fileRef = 5EC66A0728F93E800001B1E3 /* PizenattoUITestsLaunchTests.swift */; };
/* End PBXBuildFile section */

/* Begin PBXContainerItemProxy section */
		5EC669F828F93E800001B1E3 /* PBXContainerItemProxy */ = {
			isa = PBXContainerItemProxy;
			containerPortal = 5EC669D928F93E7F0001B1E3 /* Project object */;
			proxyType = 1;
			remoteGlobalIDString = 5EC669E028F93E7F0001B1E3;
			remoteInfo = Pizenatto;
		};
		5EC66A0228F93E800001B1E3 /* PBXContainerItemProxy */ = {
			isa = PBXContainerItemProxy;
			containerPortal = 5EC669D928F93E7F0001B1E3 /* Project object */;
			proxyType = 1;
			remoteGlobalIDString = 5EC669E028F93E7F0001B1E3;
			remoteInfo = Pizenatto;
		};
/* End PBXContainerItemProxy section */

/* Begin PBXFileReference section */
		5EC669E128F93E7F0001B1E3 /* Pizenatto.app */ = {isa = PBXFileReference; explicitFileType = wrapper.application; includeInIndex = 0; path = Pizenatto.app; sourceTree = BUILT_PRODUCTS_DIR; };
		5EC669E428F93E7F0001B1E3 /* AppDelegate.swift */ = {isa = PBXFileReference; lastKnownFileType = sourcecode.swift; path = AppDelegate.swift; sourceTree = "<group>"; };
		5EC669E628F93E7F0001B1E3 /* SceneDelegate.swift */ = {isa = PBXFileReference; lastKnownFileType = sourcecode.swift; path = SceneDelegate.swift; sourceTree = "<group>"; };
		5EC669E828F93E7F0001B1E3 /* ViewController.swift */ = {isa = PBXFileReference; lastKnownFileType = sourcecode.swift; path = ViewController.swift; sourceTree = "<group>"; };
		5EC669EB28F93E7F0001B1E3 /* Base */ = {isa = PBXFileReference; lastKnownFileType = file.storyboard; name = Base; path = Base.lproj/Main.storyboard; sourceTree = "<group>"; };
		5EC669ED28F93E7F0001B1E3 /* Assets.xcassets */ = {isa = PBXFileReference; lastKnownFileType = folder.assetcatalog; path = Assets.xcassets; sourceTree = "<group>"; };
		5EC669F028F93E7F0001B1E3 /* Base */ = {isa = PBXFileReference; lastKnownFileType = file.storyboard; name = Base; path = Base.lproj/LaunchScreen.storyboard; sourceTree = "<group>"; };
		5EC669F228F93E7F0001B1E3 /* Info.plist */ = {isa = PBXFileReference; lastKnownFileType = text.plist.xml; path = Info.plist; sourceTree = "<group>"; };
		5EC669F728F93E800001B1E3 /* PizenattoTests.xctest */ = {isa = PBXFileReference; explicitFileType = wrapper.cfbundle; includeInIndex = 0; path = PizenattoTests.xctest; sourceTree = BUILT_PRODUCTS_DIR; };
		5EC669FB28F93E800001B1E3 /* PizenattoTests.swift */ = {isa = PBXFileReference; lastKnownFileType = sourcecode.swift; path = PizenattoTests.swift; sourceTree = "<group>"; };
		5EC66A0128F93E800001B1E3 /* PizenattoUITests.xctest */ = {isa = PBXFileReference; explicitFileType = wrapper.cfbundle; includeInIndex = 0; path = PizenattoUITests.xctest; sourceTree = BUILT_PRODUCTS_DIR; };
		5EC66A0528F93E800001B1E3 /* PizenattoUITests.swift */ = {isa = PBXFileReference; lastKnownFileType = sourcecode.swift; path = PizenattoUITests.swift; sourceTree = "<group>"; };
		5EC66A0728F93E800001B1E3 /* PizenattoUITestsLaunchTests.swift */ = {isa = PBXFileReference; lastKnownFileType = sourcecode.swift; path = PizenattoUITestsLaunchTests.swift; sourceTree = "<group>"; };
/* End PBXFileReference section */

/* Begin PBXFrameworksBuildPhase section */
		5EC669DE28F93E7F0001B1E3 /* Frameworks */ = {
			isa = PBXFrameworksBuildPhase;
			buildActionMask = 2147483647;
			files = (
			);
			runOnlyForDeploymentPostprocessing = 0;
		};
		5EC669F428F93E800001B1E3 /* Frameworks */ = {
			isa = PBXFrameworksBuildPhase;
			buildActionMask = 2147483647;
			files = (
			);
			runOnlyForDeploymentPostprocessing = 0;
		};
		5EC669FE28F93E800001B1E3 /* Frameworks */ = {
			isa = PBXFrameworksBuildPhase;
			buildActionMask = 2147483647;
			files = (
			);
			runOnlyForDeploymentPostprocessing = 0;
		};
/* End PBXFrameworksBuildPhase section */

/* Begin PBXGroup section */
		5EC669D828F93E7F0001B1E3 = {
			isa = PBXGroup;
			children = (
				5EC669E328F93E7F0001B1E3 /* Pizenatto */,
				5EC669FA28F93E800001B1E3 /* PizenattoTests */,
				5EC66A0428F93E800001B1E3 /* PizenattoUITests */,
				5EC669E228F93E7F0001B1E3 /* Products */,
			);
			sourceTree = "<group>";
		};
		5EC669E228F93E7F0001B1E3 /* Products */ = {
			isa = PBXGroup;
			children = (
				5EC669E128F93E7F0001B1E3 /* Pizenatto.app */,
				5EC669F728F93E800001B1E3 /* PizenattoTests.xctest */,
				5EC66A0128F93E800001B1E3 /* PizenattoUITests.xctest */,
			);
			name = Products;
			sourceTree = "<group>";
		};
		5EC669E328F93E7F0001B1E3 /* Pizenatto */ = {
			isa = PBXGroup;
			children = (
				5EC669E428F93E7F0001B1E3 /* AppDelegate.swift */,
				5EC669E628F93E7F0001B1E3 /* SceneDelegate.swift */,
				5EC669E828F93E7F0001B1E3 /* ViewController.swift */,
				5EC669EA28F93E7F0001B1E3 /* Main.storyboard */,
				5EC669ED28F93E7F0001B1E3 /* Assets.xcassets */,
				5EC669EF28F93E7F0001B1E3 /* LaunchScreen.storyboard */,
				5EC669F228F93E7F0001B1E3 /* Info.plist */,
			);
			path = Pizenatto;
			sourceTree = "<group>";
		};
		5EC669FA28F93E800001B1E3 /* PizenattoTests */ = {
			isa = PBXGroup;
			children = (
				5EC669FB28F93E800001B1E3 /* PizenattoTests.swift */,
			);
			path = PizenattoTests;
			sourceTree = "<group>";
		};
		5EC66A0428F93E800001B1E3 /* PizenattoUITests */ = {
			isa = PBXGroup;
			children = (
				5EC66A0528F93E800001B1E3 /* PizenattoUITests.swift */,
				5EC66A0728F93E800001B1E3 /* PizenattoUITestsLaunchTests.swift */,
			);
			path = PizenattoUITests;
			sourceTree = "<group>";
		};
/* End PBXGroup section */

/* Begin PBXNativeTarget section */
		5EC669E028F93E7F0001B1E3 /* Pizenatto */ = {
			isa = PBXNativeTarget;
			buildConfigurationList = 5EC66A0B28F93E800001B1E3 /* Build configuration list for PBXNativeTarget "Pizenatto" */;
			buildPhases = (
				5EC669DD28F93E7F0001B1E3 /* Sources */,
				5EC669DE28F93E7F0001B1E3 /* Frameworks */,
				5EC669DF28F93E7F0001B1E3 /* Resources */,
			);
			buildRules = (
			);
			dependencies = (
			);
			name = Pizenatto;
			productName = Pizenatto;
			productReference = 5EC669E128F93E7F0001B1E3 /* Pizenatto.app */;
			productType = "com.apple.product-type.application";
		};
		5EC669F628F93E800001B1E3 /* PizenattoTests */ = {
			isa = PBXNativeTarget;
			buildConfigurationList = 5EC66A0E28F93E800001B1E3 /* Build configuration list for PBXNativeTarget "PizenattoTests" */;
			buildPhases = (
				5EC669F328F93E800001B1E3 /* Sources */,
				5EC669F428F93E800001B1E3 /* Frameworks */,
				5EC669F528F93E800001B1E3 /* Resources */,
			);
			buildRules = (
			);
			dependencies = (
				5EC669F928F93E800001B1E3 /* PBXTargetDependency */,
			);
			name = PizenattoTests;
			productName = PizenattoTests;
			productReference = 5EC669F728F93E800001B1E3 /* PizenattoTests.xctest */;
			productType = "com.apple.product-type.bundle.unit-test";
		};
		5EC66A0028F93E800001B1E3 /* PizenattoUITests */ = {
			isa = PBXNativeTarget;
			buildConfigurationList = 5EC66A1128F93E800001B1E3 /* Build configuration list for PBXNativeTarget "PizenattoUITests" */;
			buildPhases = (
				5EC669FD28F93E800001B1E3 /* Sources */,
				5EC669FE28F93E800001B1E3 /* Frameworks */,
				5EC669FF28F93E800001B1E3 /* Resources */,
			);
			buildRules = (
			);
			dependencies = (
				5EC66A0328F93E800001B1E3 /* PBXTargetDependency */,
			);
			name = PizenattoUITests;
			productName = PizenattoUITests;
			productReference = 5EC66A0128F93E800001B1E3 /* PizenattoUITests.xctest */;
			productType = "com.apple.product-type.bundle.ui-testing";
		};
/* End PBXNativeTarget section */

/* Begin PBXProject section */
		5EC669D928F93E7F0001B1E3 /* Project object */ = {
			isa = PBXProject;
			attributes = {
				BuildIndependentTargetsInParallel = 1;
				LastSwiftUpdateCheck = 1330;
				LastUpgradeCheck = 1330;
				TargetAttributes = {
					5EC669E028F93E7F0001B1E3 = {
						CreatedOnToolsVersion = 13.3.1;
					};
					5EC669F628F93E800001B1E3 = {
						CreatedOnToolsVersion = 13.3.1;
						TestTargetID = 5EC669E028F93E7F0001B1E3;
					};
					5EC66A0028F93E800001B1E3 = {
						CreatedOnToolsVersion = 13.3.1;
						TestTargetID = 5EC669E028F93E7F0001B1E3;
					};
				};
			};
			buildConfigurationList = 5EC669DC28F93E7F0001B1E3 /* Build configuration list for PBXProject "Pizenatto" */;
			compatibilityVersion = "Xcode 13.0";
			developmentRegion = en;
			hasScannedForEncodings = 0;
			knownRegions = (
				en,
				Base,
			);
			mainGroup = 5EC669D828F93E7F0001B1E3;
			productRefGroup = 5EC669E228F93E7F0001B1E3 /* Products */;
			projectDirPath = "";
			projectRoot = "";
			targets = (
				5EC669E028F93E7F0001B1E3 /* Pizenatto */,
				5EC669F628F93E800001B1E3 /* PizenattoTests */,
				5EC66A0028F93E800001B1E3 /* PizenattoUITests */,
			);
		};
/* End PBXProject section */

/* Begin PBXResourcesBuildPhase section */
		5EC669DF28F93E7F0001B1E3 /* Resources */ = {
			isa = PBXResourcesBuildPhase;
			buildActionMask = 2147483647;
			files = (
				5EC669F128F93E7F0001B1E3 /* LaunchScreen.storyboard in Resources */,
				5EC669EE28F93E7F0001B1E3 /* Assets.xcassets in Resources */,
				5EC669EC28F93E7F0001B1E3 /* Main.storyboard in Resources */,
			);
			runOnlyForDeploymentPostprocessing = 0;
		};
		5EC669F528F93E800001B1E3 /* Resources */ = {
			isa = PBXResourcesBuildPhase;
			buildActionMask = 2147483647;
			files = (
			);
			runOnlyForDeploymentPostprocessing = 0;
		};
		5EC669FF28F93E800001B1E3 /* Resources */ = {
			isa = PBXResourcesBuildPhase;
			buildActionMask = 2147483647;
			files = (
			);
			runOnlyForDeploymentPostprocessing = 0;
		};
/* End PBXResourcesBuildPhase section */

/* Begin PBXSourcesBuildPhase section */
		5EC669DD28F93E7F0001B1E3 /* Sources */ = {
			isa = PBXSourcesBuildPhase;
			buildActionMask = 2147483647;
			files = (
				5EC669E928F93E7F0001B1E3 /* ViewController.swift in Sources */,
				5EC669E528F93E7F0001B1E3 /* AppDelegate.swift in Sources */,
				5EC669E728F93E7F0001B1E3 /* SceneDelegate.swift in Sources */,
			);
			runOnlyForDeploymentPostprocessing = 0;
		};
		5EC669F328F93E800001B1E3 /* Sources */ = {
			isa = PBXSourcesBuildPhase;
			buildActionMask = 2147483647;
			files = (
				5EC669FC28F93E800001B1E3 /* PizenattoTests.swift in Sources */,
			);
			runOnlyForDeploymentPostprocessing = 0;
		};
		5EC669FD28F93E800001B1E3 /* Sources */ = {
			isa = PBXSourcesBuildPhase;
			buildActionMask = 2147483647;
			files = (
				5EC66A0628F93E800001B1E3 /* PizenattoUITests.swift in Sources */,
				5EC66A0828F93E800001B1E3 /* PizenattoUITestsLaunchTests.swift in Sources */,
			);
			runOnlyForDeploymentPostprocessing = 0;
		};
/* End PBXSourcesBuildPhase section */

/* Begin PBXTargetDependency section */
		5EC669F928F93E800001B1E3 /* PBXTargetDependency */ = {
			isa = PBXTargetDependency;
			target = 5EC669E028F93E7F0001B1E3 /* Pizenatto */;
			targetProxy = 5EC669F828F93E800001B1E3 /* PBXContainerItemProxy */;
		};
		5EC66A0328F93E800001B1E3 /* PBXTargetDependency */ = {
			isa = PBXTargetDependency;
			target = 5EC669E028F93E7F0001B1E3 /* Pizenatto */;
			targetProxy = 5EC66A0228F93E800001B1E3 /* PBXContainerItemProxy */;
		};
/* End PBXTargetDependency section */

/* Begin PBXVariantGroup section */
		5EC669EA28F93E7F0001B1E3 /* Main.storyboard */ = {
			isa = PBXVariantGroup;
			children = (
				5EC669EB28F93E7F0001B1E3 /* Base */,
			);
			name = Main.storyboard;
			sourceTree = "<group>";
		};
		5EC669EF28F93E7F0001B1E3 /* LaunchScreen.storyboard */ = {
			isa = PBXVariantGroup;
			children = (
				5EC669F028F93E7F0001B1E3 /* Base */,
			);
			name = LaunchScreen.storyboard;
			sourceTree = "<group>";
		};
/* End PBXVariantGroup section */

/* Begin XCBuildConfiguration section */
		5EC66A0928F93E800001B1E3 /* Debug */ = {
			isa = XCBuildConfiguration;
			buildSettings = {
				ALWAYS_SEARCH_USER_PATHS = NO;
				CLANG_ANALYZER_NONNULL = YES;
				CLANG_ANALYZER_NUMBER_OBJECT_CONVERSION = YES_AGGRESSIVE;
				CLANG_CXX_LANGUAGE_STANDARD = "gnu++17";
				CLANG_ENABLE_MODULES = YES;
				CLANG_ENABLE_OBJC_ARC = YES;
				CLANG_ENABLE_OBJC_WEAK = YES;
				CLANG_WARN_BLOCK_CAPTURE_AUTORELEASING = YES;
				CLANG_WARN_BOOL_CONVERSION = YES;
				CLANG_WARN_COMMA = YES;
				CLANG_WARN_CONSTANT_CONVERSION = YES;
				CLANG_WARN_DEPRECATED_OBJC_IMPLEMENTATIONS = YES;
				CLANG_WARN_DIRECT_OBJC_ISA_USAGE = YES_ERROR;
				CLANG_WARN_DOCUMENTATION_COMMENTS = YES;
				CLANG_WARN_EMPTY_BODY = YES;
				CLANG_WARN_ENUM_CONVERSION = YES;
				CLANG_WARN_INFINITE_RECURSION = YES;
				CLANG_WARN_INT_CONVERSION = YES;
				CLANG_WARN_NON_LITERAL_NULL_CONVERSION = YES;
				CLANG_WARN_OBJC_IMPLICIT_RETAIN_SELF = YES;
				CLANG_WARN_OBJC_LITERAL_CONVERSION = YES;
				CLANG_WARN_OBJC_ROOT_CLASS = YES_ERROR;
				CLANG_WARN_QUOTED_INCLUDE_IN_FRAMEWORK_HEADER = YES;
				CLANG_WARN_RANGE_LOOP_ANALYSIS = YES;
				CLANG_WARN_STRICT_PROTOTYPES = YES;
				CLANG_WARN_SUSPICIOUS_MOVE = YES;
				CLANG_WARN_UNGUARDED_AVAILABILITY = YES_AGGRESSIVE;
				CLANG_WARN_UNREACHABLE_CODE = YES;
				CLANG_WARN__DUPLICATE_METHOD_MATCH = YES;
				COPY_PHASE_STRIP = NO;
				DEBUG_INFORMATION_FORMAT = dwarf;
				ENABLE_STRICT_OBJC_MSGSEND = YES;
				ENABLE_TESTABILITY = YES;
				GCC_C_LANGUAGE_STANDARD = gnu11;
				GCC_DYNAMIC_NO_PIC = NO;
				GCC_NO_COMMON_BLOCKS = YES;
				GCC_OPTIMIZATION_LEVEL = 0;
				GCC_PREPROCESSOR_DEFINITIONS = (
					"DEBUG=1",
					"$(inherited)",
				);
				GCC_WARN_64_TO_32_BIT_CONVERSION = YES;
				GCC_WARN_ABOUT_RETURN_TYPE = YES_ERROR;
				GCC_WARN_UNDECLARED_SELECTOR = YES;
				GCC_WARN_UNINITIALIZED_AUTOS = YES_AGGRESSIVE;
				GCC_WARN_UNUSED_FUNCTION = YES;
				GCC_WARN_UNUSED_VARIABLE = YES;
				IPHONEOS_DEPLOYMENT_TARGET = 15.4;
				MTL_ENABLE_DEBUG_INFO = INCLUDE_SOURCE;
				MTL_FAST_MATH = YES;
				ONLY_ACTIVE_ARCH = YES;
				SDKROOT = iphoneos;
				SWIFT_ACTIVE_COMPILATION_CONDITIONS = DEBUG;
				SWIFT_OPTIMIZATION_LEVEL = "-Onone";
			};
			name = Debug;
		};
		5EC66A0A28F93E800001B1E3 /* Release */ = {
			isa = XCBuildConfiguration;
			buildSettings = {
				ALWAYS_SEARCH_USER_PATHS = NO;
				CLANG_ANALYZER_NONNULL = YES;
				CLANG_ANALYZER_NUMBER_OBJECT_CONVERSION = YES_AGGRESSIVE;
				CLANG_CXX_LANGUAGE_STANDARD = "gnu++17";
				CLANG_ENABLE_MODULES = YES;
				CLANG_ENABLE_OBJC_ARC = YES;
				CLANG_ENABLE_OBJC_WEAK = YES;
				CLANG_WARN_BLOCK_CAPTURE_AUTORELEASING = YES;
				CLANG_WARN_BOOL_CONVERSION = YES;
				CLANG_WARN_COMMA = YES;
				CLANG_WARN_CONSTANT_CONVERSION = YES;
				CLANG_WARN_DEPRECATED_OBJC_IMPLEMENTATIONS = YES;
				CLANG_WARN_DIRECT_OBJC_ISA_USAGE = YES_ERROR;
				CLANG_WARN_DOCUMENTATION_COMMENTS = YES;
				CLANG_WARN_EMPTY_BODY = YES;
				CLANG_WARN_ENUM_CONVERSION = YES;
				CLANG_WARN_INFINITE_RECURSION = YES;
				CLANG_WARN_INT_CONVERSION = YES;
				CLANG_WARN_NON_LITERAL_NULL_CONVERSION = YES;
				CLANG_WARN_OBJC_IMPLICIT_RETAIN_SELF = YES;
				CLANG_WARN_OBJC_LITERAL_CONVERSION = YES;
				CLANG_WARN_OBJC_ROOT_CLASS = YES_ERROR;
				CLANG_WARN_QUOTED_INCLUDE_IN_FRAMEWORK_HEADER = YES;
				CLANG_WARN_RANGE_LOOP_ANALYSIS = YES;
				CLANG_WARN_STRICT_PROTOTYPES = YES;
				CLANG_WARN_SUSPICIOUS_MOVE = YES;
				CLANG_WARN_UNGUARDED_AVAILABILITY = YES_AGGRESSIVE;
				CLANG_WARN_UNREACHABLE_CODE = YES;
				CLANG_WARN__DUPLICATE_METHOD_MATCH = YES;
				COPY_PHASE_STRIP = NO;
				DEBUG_INFORMATION_FORMAT = "dwarf-with-dsym";
				ENABLE_NS_ASSERTIONS = NO;
				ENABLE_STRICT_OBJC_MSGSEND = YES;
				GCC_C_LANGUAGE_STANDARD = gnu11;
				GCC_NO_COMMON_BLOCKS = YES;
				GCC_WARN_64_TO_32_BIT_CONVERSION = YES;
				GCC_WARN_ABOUT_RETURN_TYPE = YES_ERROR;
				GCC_WARN_UNDECLARED_SELECTOR = YES;
				GCC_WARN_UNINITIALIZED_AUTOS = YES_AGGRESSIVE;
				GCC_WARN_UNUSED_FUNCTION = YES;
				GCC_WARN_UNUSED_VARIABLE = YES;
				IPHONEOS_DEPLOYMENT_TARGET = 15.4;
				MTL_ENABLE_DEBUG_INFO = NO;
				MTL_FAST_MATH = YES;
				SDKROOT = iphoneos;
				SWIFT_COMPILATION_MODE = wholemodule;
				SWIFT_OPTIMIZATION_LEVEL = "-O";
				VALIDATE_PRODUCT = YES;
			};
			name = Release;
		};
		5EC66A0C28F93E800001B1E3 /* Debug */ = {
			isa = XCBuildConfiguration;
			buildSettings = {
				ASSETCATALOG_COMPILER_APPICON_NAME = AppIcon;
				ASSETCATALOG_COMPILER_GLOBAL_ACCENT_COLOR_NAME = AccentColor;
				CODE_SIGN_STYLE = Automatic;
				CURRENT_PROJECT_VERSION = 1;
				GENERATE_INFOPLIST_FILE = YES;
				INFOPLIST_FILE = Pizenatto/Info.plist;
				INFOPLIST_KEY_UIApplicationSupportsIndirectInputEvents = YES;
				INFOPLIST_KEY_UILaunchStoryboardName = LaunchScreen;
				INFOPLIST_KEY_UIMainStoryboardFile = Main;
				INFOPLIST_KEY_UISupportedInterfaceOrientations_iPad = "UIInterfaceOrientationPortrait UIInterfaceOrientationPortraitUpsideDown UIInterfaceOrientationLandscapeLeft UIInterfaceOrientationLandscapeRight";
				INFOPLIST_KEY_UISupportedInterfaceOrientations_iPhone = "UIInterfaceOrientationPortrait UIInterfaceOrientationLandscapeLeft UIInterfaceOrientationLandscapeRight";
				LD_RUNPATH_SEARCH_PATHS = (
					"$(inherited)",
					"@executable_path/Frameworks",
				);
				MARKETING_VERSION = 1.0;
				PRODUCT_BUNDLE_IDENTIFIER = "-23.Pizenatto";
				PRODUCT_NAME = "$(TARGET_NAME)";
				SWIFT_EMIT_LOC_STRINGS = YES;
				SWIFT_VERSION = 5.0;
				TARGETED_DEVICE_FAMILY = "1,2";
			};
			name = Debug;
		};
		5EC66A0D28F93E800001B1E3 /* Release */ = {
			isa = XCBuildConfiguration;
			buildSettings = {
				ASSETCATALOG_COMPILER_APPICON_NAME = AppIcon;
				ASSETCATALOG_COMPILER_GLOBAL_ACCENT_COLOR_NAME = AccentColor;
				CODE_SIGN_STYLE = Automatic;
				CURRENT_PROJECT_VERSION = 1;
				GENERATE_INFOPLIST_FILE = YES;
				INFOPLIST_FILE = Pizenatto/Info.plist;
				INFOPLIST_KEY_UIApplicationSupportsIndirectInputEvents = YES;
				INFOPLIST_KEY_UILaunchStoryboardName = LaunchScreen;
				INFOPLIST_KEY_UIMainStoryboardFile = Main;
				INFOPLIST_KEY_UISupportedInterfaceOrientations_iPad = "UIInterfaceOrientationPortrait UIInterfaceOrientationPortraitUpsideDown UIInterfaceOrientationLandscapeLeft UIInterfaceOrientationLandscapeRight";
				INFOPLIST_KEY_UISupportedInterfaceOrientations_iPhone = "UIInterfaceOrientationPortrait UIInterfaceOrientationLandscapeLeft UIInterfaceOrientationLandscapeRight";
				LD_RUNPATH_SEARCH_PATHS = (
					"$(inherited)",
					"@executable_path/Frameworks",
				);
				MARKETING_VERSION = 1.0;
				PRODUCT_BUNDLE_IDENTIFIER = "-23.Pizenatto";
				PRODUCT_NAME = "$(TARGET_NAME)";
				SWIFT_EMIT_LOC_STRINGS = YES;
				SWIFT_VERSION = 5.0;
				TARGETED_DEVICE_FAMILY = "1,2";
			};
			name = Release;
		};
		5EC66A0F28F93E800001B1E3 /* Debug */ = {
			isa = XCBuildConfiguration;
			buildSettings = {
				ALWAYS_EMBED_SWIFT_STANDARD_LIBRARIES = YES;
				BUNDLE_LOADER = "$(TEST_HOST)";
				CODE_SIGN_STYLE = Automatic;
				CURRENT_PROJECT_VERSION = 1;
				GENERATE_INFOPLIST_FILE = YES;
				IPHONEOS_DEPLOYMENT_TARGET = 15.4;
				MARKETING_VERSION = 1.0;
				PRODUCT_BUNDLE_IDENTIFIER = "-23.PizenattoTests";
				PRODUCT_NAME = "$(TARGET_NAME)";
				SWIFT_EMIT_LOC_STRINGS = NO;
				SWIFT_VERSION = 5.0;
				TARGETED_DEVICE_FAMILY = "1,2";
				TEST_HOST = "$(BUILT_PRODUCTS_DIR)/Pizenatto.app/Pizenatto";
			};
			name = Debug;
		};
		5EC66A1028F93E800001B1E3 /* Release */ = {
			isa = XCBuildConfiguration;
			buildSettings = {
				ALWAYS_EMBED_SWIFT_STANDARD_LIBRARIES = YES;
				BUNDLE_LOADER = "$(TEST_HOST)";
				CODE_SIGN_STYLE = Automatic;
				CURRENT_PROJECT_VERSION = 1;
				GENERATE_INFOPLIST_FILE = YES;
				IPHONEOS_DEPLOYMENT_TARGET = 15.4;
				MARKETING_VERSION = 1.0;
				PRODUCT_BUNDLE_IDENTIFIER = "-23.PizenattoTests";
				PRODUCT_NAME = "$(TARGET_NAME)";
				SWIFT_EMIT_LOC_STRINGS = NO;
				SWIFT_VERSION = 5.0;
				TARGETED_DEVICE_FAMILY = "1,2";
				TEST_HOST = "$(BUILT_PRODUCTS_DIR)/Pizenatto.app/Pizenatto";
			};
			name = Release;
		};
		5EC66A1228F93E800001B1E3 /* Debug */ = {
			isa = XCBuildConfiguration;
			buildSettings = {
				ALWAYS_EMBED_SWIFT_STANDARD_LIBRARIES = YES;
				CODE_SIGN_STYLE = Automatic;
				CURRENT_PROJECT_VERSION = 1;
				GENERATE_INFOPLIST_FILE = YES;
				MARKETING_VERSION = 1.0;
				PRODUCT_BUNDLE_IDENTIFIER = "-23.PizenattoUITests";
				PRODUCT_NAME = "$(TARGET_NAME)";
				SWIFT_EMIT_LOC_STRINGS = NO;
				SWIFT_VERSION = 5.0;
				TARGETED_DEVICE_FAMILY = "1,2";
				TEST_TARGET_NAME = Pizenatto;
			};
			name = Debug;
		};
		5EC66A1328F93E800001B1E3 /* Release */ = {
			isa = XCBuildConfiguration;
			buildSettings = {
				ALWAYS_EMBED_SWIFT_STANDARD_LIBRARIES = YES;
				CODE_SIGN_STYLE = Automatic;
				CURRENT_PROJECT_VERSION = 1;
				GENERATE_INFOPLIST_FILE = YES;
				MARKETING_VERSION = 1.0;
				PRODUCT_BUNDLE_IDENTIFIER = "-23.PizenattoUITests";
				PRODUCT_NAME = "$(TARGET_NAME)";
				SWIFT_EMIT_LOC_STRINGS = NO;
				SWIFT_VERSION = 5.0;
				TARGETED_DEVICE_FAMILY = "1,2";
				TEST_TARGET_NAME = Pizenatto;
			};
			name = Release;
		};
/* End XCBuildConfiguration section */

/* Begin XCConfigurationList section */
		5EC669DC28F93E7F0001B1E3 /* Build configuration list for PBXProject "Pizenatto" */ = {
			isa = XCConfigurationList;
			buildConfigurations = (
				5EC66A0928F93E800001B1E3 /* Debug */,
				5EC66A0A28F93E800001B1E3 /* Release */,
			);
			defaultConfigurationIsVisible = 0;
			defaultConfigurationName = Release;
		};
		5EC66A0B28F93E800001B1E3 /* Build configuration list for PBXNativeTarget "Pizenatto" */ = {
			isa = XCConfigurationList;
			buildConfigurations = (
				5EC66A0C28F93E800001B1E3 /* Debug */,
				5EC66A0D28F93E800001B1E3 /* Release */,
			);
			defaultConfigurationIsVisible = 0;
			defaultConfigurationName = Release;
		};
		5EC66A0E28F93E800001B1E3 /* Build configuration list for PBXNativeTarget "PizenattoTests" */ = {
			isa = XCConfigurationList;
			buildConfigurations = (
				5EC66A0F28F93E800001B1E3 /* Debug */,
				5EC66A1028F93E800001B1E3 /* Release */,
			);
			defaultConfigurationIsVisible = 0;
			defaultConfigurationName = Release;
		};
		5EC66A1128F93E800001B1E3 /* Build configuration list for PBXNativeTarget "PizenattoUITests" */ = {
			isa = XCConfigurationList;
			buildConfigurations = (
				5EC66A1228F93E800001B1E3 /* Debug */,
				5EC66A1328F93E800001B1E3 /* Release */,
			);
			defaultConfigurationIsVisible = 0;
			defaultConfigurationName = Release;
		};
/* End XCConfigurationList section */
	};
	rootObject = 5EC669D928F93E7F0001B1E3 /* Project object */;
}
