// !$*UTF8*$!
{
	archiveVersion = 1;
	classes = {
	};
	objectVersion = 55;
	objects = {

/* Begin PBXBuildFile section */
		5513E994CD249C0B35C61C59 /* Pods_PizenattoTests.framework in Frameworks */ = {isa = PBXBuildFile; fileRef = E91239E72E4DC94AC246DFC9 /* Pods_PizenattoTests.framework */; };
		5E14E2DB28FADED4004F5845 /* NetworkMonitorService.swift in Sources */ = {isa = PBXBuildFile; fileRef = 5E14E2DA28FADED4004F5845 /* NetworkMonitorService.swift */; };
		5E14E2DD28FADF43004F5845 /* UIImageView.swift in Sources */ = {isa = PBXBuildFile; fileRef = 5E14E2DC28FADF43004F5845 /* UIImageView.swift */; };
		5E14E2DF28FADFA5004F5845 /* CategoryResponseModel.swift in Sources */ = {isa = PBXBuildFile; fileRef = 5E14E2DE28FADFA5004F5845 /* CategoryResponseModel.swift */; };
		5E14E2E228FAE01A004F5845 /* CityButtonView.swift in Sources */ = {isa = PBXBuildFile; fileRef = 5E14E2E128FAE01A004F5845 /* CityButtonView.swift */; };
		5E14E2E428FAE0F3004F5845 /* EmptyTableViewCell.swift in Sources */ = {isa = PBXBuildFile; fileRef = 5E14E2E328FAE0F3004F5845 /* EmptyTableViewCell.swift */; };
		5EC669E528F93E7F0001B1E3 /* AppDelegate.swift in Sources */ = {isa = PBXBuildFile; fileRef = 5EC669E428F93E7F0001B1E3 /* AppDelegate.swift */; };
		5EC669E728F93E7F0001B1E3 /* SceneDelegate.swift in Sources */ = {isa = PBXBuildFile; fileRef = 5EC669E628F93E7F0001B1E3 /* SceneDelegate.swift */; };
		5EC669E928F93E7F0001B1E3 /* CatalogViewController.swift in Sources */ = {isa = PBXBuildFile; fileRef = 5EC669E828F93E7F0001B1E3 /* CatalogViewController.swift */; };
		5EC669EC28F93E7F0001B1E3 /* Main.storyboard in Resources */ = {isa = PBXBuildFile; fileRef = 5EC669EA28F93E7F0001B1E3 /* Main.storyboard */; };
		5EC669EE28F93E7F0001B1E3 /* Assets.xcassets in Resources */ = {isa = PBXBuildFile; fileRef = 5EC669ED28F93E7F0001B1E3 /* Assets.xcassets */; };
		5EC669F128F93E7F0001B1E3 /* LaunchScreen.storyboard in Resources */ = {isa = PBXBuildFile; fileRef = 5EC669EF28F93E7F0001B1E3 /* LaunchScreen.storyboard */; };
		5EC669FC28F93E800001B1E3 /* PizenattoTests.swift in Sources */ = {isa = PBXBuildFile; fileRef = 5EC669FB28F93E800001B1E3 /* PizenattoTests.swift */; };
		5EC66A0628F93E800001B1E3 /* PizenattoUITests.swift in Sources */ = {isa = PBXBuildFile; fileRef = 5EC66A0528F93E800001B1E3 /* PizenattoUITests.swift */; };
		5EC66A0828F93E800001B1E3 /* PizenattoUITestsLaunchTests.swift in Sources */ = {isa = PBXBuildFile; fileRef = 5EC66A0728F93E800001B1E3 /* PizenattoUITestsLaunchTests.swift */; };
		5EC66A1528F951680001B1E3 /* TabbarController.swift in Sources */ = {isa = PBXBuildFile; fileRef = 5EC66A1428F951680001B1E3 /* TabbarController.swift */; };
		5EC66A5528F955190001B1E3 /* NetworkService.swift in Sources */ = {isa = PBXBuildFile; fileRef = 5EC66A5428F955190001B1E3 /* NetworkService.swift */; };
		5EC66A5728F955650001B1E3 /* DecoderService.swift in Sources */ = {isa = PBXBuildFile; fileRef = 5EC66A5628F955650001B1E3 /* DecoderService.swift */; };
		5EC66A5928F959960001B1E3 /* APIService.swift in Sources */ = {isa = PBXBuildFile; fileRef = 5EC66A5828F959960001B1E3 /* APIService.swift */; };
		5EC66A5B28F9A8A30001B1E3 /* CategoriesHeaderView.swift in Sources */ = {isa = PBXBuildFile; fileRef = 5EC66A5A28F9A8A30001B1E3 /* CategoriesHeaderView.swift */; };
		5EC66A6128F9AEE80001B1E3 /* UICollectionViewCell.swift in Sources */ = {isa = PBXBuildFile; fileRef = 5EC66A6028F9AEE80001B1E3 /* UICollectionViewCell.swift */; };
		5EC66A6328F9AF6B0001B1E3 /* UICollectionView.swift in Sources */ = {isa = PBXBuildFile; fileRef = 5EC66A6228F9AF6B0001B1E3 /* UICollectionView.swift */; };
		5EC66A6528F9AFAF0001B1E3 /* UITableViewCell.swift in Sources */ = {isa = PBXBuildFile; fileRef = 5EC66A6428F9AFAF0001B1E3 /* UITableViewCell.swift */; };
		5EC66A6728F9B0010001B1E3 /* UITableView.swift in Sources */ = {isa = PBXBuildFile; fileRef = 5EC66A6628F9B0010001B1E3 /* UITableView.swift */; };
		5EC66A6928F9B0900001B1E3 /* UIView.swift in Sources */ = {isa = PBXBuildFile; fileRef = 5EC66A6828F9B0900001B1E3 /* UIView.swift */; };
		5EC66A6E28F9BEEB0001B1E3 /* CategoryCollectionViewCell.swift in Sources */ = {isa = PBXBuildFile; fileRef = 5EC66A6D28F9BEEB0001B1E3 /* CategoryCollectionViewCell.swift */; };
		5EC66A7028F9F5A20001B1E3 /* ProductTableViewCell.swift in Sources */ = {isa = PBXBuildFile; fileRef = 5EC66A6F28F9F5A20001B1E3 /* ProductTableViewCell.swift */; };
		5EC66A7228F9F7C90001B1E3 /* CatalogPresenter.swift in Sources */ = {isa = PBXBuildFile; fileRef = 5EC66A7128F9F7C90001B1E3 /* CatalogPresenter.swift */; };
		5EC66A7428FA92210001B1E3 /* PromotionsTableViewCell.swift in Sources */ = {isa = PBXBuildFile; fileRef = 5EC66A7328FA92210001B1E3 /* PromotionsTableViewCell.swift */; };
		5EC66A7628FA923A0001B1E3 /* PromotionCollectionViewCell.swift in Sources */ = {isa = PBXBuildFile; fileRef = 5EC66A7528FA923A0001B1E3 /* PromotionCollectionViewCell.swift */; };
		5EC66A7928FA929B0001B1E3 /* Section.swift in Sources */ = {isa = PBXBuildFile; fileRef = 5EC66A7828FA929B0001B1E3 /* Section.swift */; };
		5EC66A7B28FA92BA0001B1E3 /* PromotionModel.swift in Sources */ = {isa = PBXBuildFile; fileRef = 5EC66A7A28FA92BA0001B1E3 /* PromotionModel.swift */; };
		5EC66A7D28FA92CE0001B1E3 /* CategoryModel.swift in Sources */ = {isa = PBXBuildFile; fileRef = 5EC66A7C28FA92CE0001B1E3 /* CategoryModel.swift */; };
		5EC66A7F28FA92E20001B1E3 /* ProductModel.swift in Sources */ = {isa = PBXBuildFile; fileRef = 5EC66A7E28FA92E20001B1E3 /* ProductModel.swift */; };
		5EC66A8128FA93760001B1E3 /* ModuleBuilder.swift in Sources */ = {isa = PBXBuildFile; fileRef = 5EC66A8028FA93760001B1E3 /* ModuleBuilder.swift */; };
		68C11EAC0127487D98394F56 /* Pods_Pizenatto_PizenattoUITests.framework in Frameworks */ = {isa = PBXBuildFile; fileRef = EA54959CDDD67E6EE0B6796F /* Pods_Pizenatto_PizenattoUITests.framework */; };
		85E1053245625BC22F19748E /* Pods_Pizenatto.framework in Frameworks */ = {isa = PBXBuildFile; fileRef = 77923A3D5B310E454246E60E /* Pods_Pizenatto.framework */; };
/* End PBXBuildFile section */

/* Begin PBXContainerItemProxy section */
		5EC669F828F93E800001B1E3 /* PBXContainerItemProxy */ = {
			isa = PBXContainerItemProxy;
			containerPortal = 5EC669D928F93E7F0001B1E3 /* Project object */;
			proxyType = 1;
			remoteGlobalIDString = 5EC669E028F93E7F0001B1E3;
			remoteInfo = Pizenatto;
		};
		5EC66A0228F93E800001B1E3 /* PBXContainerItemProxy */ = {
			isa = PBXContainerItemProxy;
			containerPortal = 5EC669D928F93E7F0001B1E3 /* Project object */;
			proxyType = 1;
			remoteGlobalIDString = 5EC669E028F93E7F0001B1E3;
			remoteInfo = Pizenatto;
		};
/* End PBXContainerItemProxy section */

/* Begin PBXFileReference section */
		5E14E2DA28FADED4004F5845 /* NetworkMonitorService.swift */ = {isa = PBXFileReference; lastKnownFileType = sourcecode.swift; path = NetworkMonitorService.swift; sourceTree = "<group>"; };
		5E14E2DC28FADF43004F5845 /* UIImageView.swift */ = {isa = PBXFileReference; lastKnownFileType = sourcecode.swift; path = UIImageView.swift; sourceTree = "<group>"; };
		5E14E2DE28FADFA5004F5845 /* CategoryResponseModel.swift */ = {isa = PBXFileReference; lastKnownFileType = sourcecode.swift; path = CategoryResponseModel.swift; sourceTree = "<group>"; };
		5E14E2E128FAE01A004F5845 /* CityButtonView.swift */ = {isa = PBXFileReference; lastKnownFileType = sourcecode.swift; path = CityButtonView.swift; sourceTree = "<group>"; };
		5E14E2E328FAE0F3004F5845 /* EmptyTableViewCell.swift */ = {isa = PBXFileReference; lastKnownFileType = sourcecode.swift; path = EmptyTableViewCell.swift; sourceTree = "<group>"; };
		5EC669E128F93E7F0001B1E3 /* Pizenatto.app */ = {isa = PBXFileReference; explicitFileType = wrapper.application; includeInIndex = 0; path = Pizenatto.app; sourceTree = BUILT_PRODUCTS_DIR; };
		5EC669E428F93E7F0001B1E3 /* AppDelegate.swift */ = {isa = PBXFileReference; lastKnownFileType = sourcecode.swift; path = AppDelegate.swift; sourceTree = "<group>"; };
		5EC669E628F93E7F0001B1E3 /* SceneDelegate.swift */ = {isa = PBXFileReference; lastKnownFileType = sourcecode.swift; path = SceneDelegate.swift; sourceTree = "<group>"; };
		5EC669E828F93E7F0001B1E3 /* CatalogViewController.swift */ = {isa = PBXFileReference; lastKnownFileType = sourcecode.swift; path = CatalogViewController.swift; sourceTree = "<group>"; };
		5EC669EB28F93E7F0001B1E3 /* Base */ = {isa = PBXFileReference; lastKnownFileType = file.storyboard; name = Base; path = Base.lproj/Main.storyboard; sourceTree = "<group>"; };
		5EC669ED28F93E7F0001B1E3 /* Assets.xcassets */ = {isa = PBXFileReference; lastKnownFileType = folder.assetcatalog; path = Assets.xcassets; sourceTree = "<group>"; };
		5EC669F028F93E7F0001B1E3 /* Base */ = {isa = PBXFileReference; lastKnownFileType = file.storyboard; name = Base; path = Base.lproj/LaunchScreen.storyboard; sourceTree = "<group>"; };
		5EC669F228F93E7F0001B1E3 /* Info.plist */ = {isa = PBXFileReference; lastKnownFileType = text.plist.xml; path = Info.plist; sourceTree = "<group>"; };
		5EC669F728F93E800001B1E3 /* PizenattoTests.xctest */ = {isa = PBXFileReference; explicitFileType = wrapper.cfbundle; includeInIndex = 0; path = PizenattoTests.xctest; sourceTree = BUILT_PRODUCTS_DIR; };
		5EC669FB28F93E800001B1E3 /* PizenattoTests.swift */ = {isa = PBXFileReference; lastKnownFileType = sourcecode.swift; path = PizenattoTests.swift; sourceTree = "<group>"; };
		5EC66A0128F93E800001B1E3 /* PizenattoUITests.xctest */ = {isa = PBXFileReference; explicitFileType = wrapper.cfbundle; includeInIndex = 0; path = PizenattoUITests.xctest; sourceTree = BUILT_PRODUCTS_DIR; };
		5EC66A0528F93E800001B1E3 /* PizenattoUITests.swift */ = {isa = PBXFileReference; lastKnownFileType = sourcecode.swift; path = PizenattoUITests.swift; sourceTree = "<group>"; };
		5EC66A0728F93E800001B1E3 /* PizenattoUITestsLaunchTests.swift */ = {isa = PBXFileReference; lastKnownFileType = sourcecode.swift; path = PizenattoUITestsLaunchTests.swift; sourceTree = "<group>"; };
		5EC66A1428F951680001B1E3 /* TabbarController.swift */ = {isa = PBXFileReference; lastKnownFileType = sourcecode.swift; path = TabbarController.swift; sourceTree = "<group>"; };
		5EC66A5428F955190001B1E3 /* NetworkService.swift */ = {isa = PBXFileReference; lastKnownFileType = sourcecode.swift; path = NetworkService.swift; sourceTree = "<group>"; };
		5EC66A5628F955650001B1E3 /* DecoderService.swift */ = {isa = PBXFileReference; lastKnownFileType = sourcecode.swift; path = DecoderService.swift; sourceTree = "<group>"; };
		5EC66A5828F959960001B1E3 /* APIService.swift */ = {isa = PBXFileReference; lastKnownFileType = sourcecode.swift; path = APIService.swift; sourceTree = "<group>"; };
		5EC66A5A28F9A8A30001B1E3 /* CategoriesHeaderView.swift */ = {isa = PBXFileReference; lastKnownFileType = sourcecode.swift; path = CategoriesHeaderView.swift; sourceTree = "<group>"; };
		5EC66A6028F9AEE80001B1E3 /* UICollectionViewCell.swift */ = {isa = PBXFileReference; lastKnownFileType = sourcecode.swift; path = UICollectionViewCell.swift; sourceTree = "<group>"; };
		5EC66A6228F9AF6B0001B1E3 /* UICollectionView.swift */ = {isa = PBXFileReference; lastKnownFileType = sourcecode.swift; path = UICollectionView.swift; sourceTree = "<group>"; };
		5EC66A6428F9AFAF0001B1E3 /* UITableViewCell.swift */ = {isa = PBXFileReference; lastKnownFileType = sourcecode.swift; path = UITableViewCell.swift; sourceTree = "<group>"; };
		5EC66A6628F9B0010001B1E3 /* UITableView.swift */ = {isa = PBXFileReference; lastKnownFileType = sourcecode.swift; path = UITableView.swift; sourceTree = "<group>"; };
		5EC66A6828F9B0900001B1E3 /* UIView.swift */ = {isa = PBXFileReference; lastKnownFileType = sourcecode.swift; path = UIView.swift; sourceTree = "<group>"; };
		5EC66A6D28F9BEEB0001B1E3 /* CategoryCollectionViewCell.swift */ = {isa = PBXFileReference; lastKnownFileType = sourcecode.swift; path = CategoryCollectionViewCell.swift; sourceTree = "<group>"; };
		5EC66A6F28F9F5A20001B1E3 /* ProductTableViewCell.swift */ = {isa = PBXFileReference; lastKnownFileType = sourcecode.swift; path = ProductTableViewCell.swift; sourceTree = "<group>"; };
		5EC66A7128F9F7C90001B1E3 /* CatalogPresenter.swift */ = {isa = PBXFileReference; lastKnownFileType = sourcecode.swift; path = CatalogPresenter.swift; sourceTree = "<group>"; };
		5EC66A7328FA92210001B1E3 /* PromotionsTableViewCell.swift */ = {isa = PBXFileReference; lastKnownFileType = sourcecode.swift; path = PromotionsTableViewCell.swift; sourceTree = "<group>"; };
		5EC66A7528FA923A0001B1E3 /* PromotionCollectionViewCell.swift */ = {isa = PBXFileReference; lastKnownFileType = sourcecode.swift; path = PromotionCollectionViewCell.swift; sourceTree = "<group>"; };
		5EC66A7828FA929B0001B1E3 /* Section.swift */ = {isa = PBXFileReference; lastKnownFileType = sourcecode.swift; path = Section.swift; sourceTree = "<group>"; };
		5EC66A7A28FA92BA0001B1E3 /* PromotionModel.swift */ = {isa = PBXFileReference; lastKnownFileType = sourcecode.swift; path = PromotionModel.swift; sourceTree = "<group>"; };
		5EC66A7C28FA92CE0001B1E3 /* CategoryModel.swift */ = {isa = PBXFileReference; lastKnownFileType = sourcecode.swift; path = CategoryModel.swift; sourceTree = "<group>"; };
		5EC66A7E28FA92E20001B1E3 /* ProductModel.swift */ = {isa = PBXFileReference; lastKnownFileType = sourcecode.swift; path = ProductModel.swift; sourceTree = "<group>"; };
		5EC66A8028FA93760001B1E3 /* ModuleBuilder.swift */ = {isa = PBXFileReference; lastKnownFileType = sourcecode.swift; path = ModuleBuilder.swift; sourceTree = "<group>"; };
		65F52EA37666F34F302D4D50 /* Pods-PizenattoTests.debug.xcconfig */ = {isa = PBXFileReference; includeInIndex = 1; lastKnownFileType = text.xcconfig; name = "Pods-PizenattoTests.debug.xcconfig"; path = "Target Support Files/Pods-PizenattoTests/Pods-PizenattoTests.debug.xcconfig"; sourceTree = "<group>"; };
		77923A3D5B310E454246E60E /* Pods_Pizenatto.framework */ = {isa = PBXFileReference; explicitFileType = wrapper.framework; includeInIndex = 0; path = Pods_Pizenatto.framework; sourceTree = BUILT_PRODUCTS_DIR; };
		9B6087CC741C41D15CEB289D /* Pods-Pizenatto.release.xcconfig */ = {isa = PBXFileReference; includeInIndex = 1; lastKnownFileType = text.xcconfig; name = "Pods-Pizenatto.release.xcconfig"; path = "Target Support Files/Pods-Pizenatto/Pods-Pizenatto.release.xcconfig"; sourceTree = "<group>"; };
		A82BF405FC425157C674F73C /* Pods-Pizenatto-PizenattoUITests.release.xcconfig */ = {isa = PBXFileReference; includeInIndex = 1; lastKnownFileType = text.xcconfig; name = "Pods-Pizenatto-PizenattoUITests.release.xcconfig"; path = "Target Support Files/Pods-Pizenatto-PizenattoUITests/Pods-Pizenatto-PizenattoUITests.release.xcconfig"; sourceTree = "<group>"; };
		ADB6D78B9AA82AA07A86FB0D /* Pods-Pizenatto-PizenattoUITests.debug.xcconfig */ = {isa = PBXFileReference; includeInIndex = 1; lastKnownFileType = text.xcconfig; name = "Pods-Pizenatto-PizenattoUITests.debug.xcconfig"; path = "Target Support Files/Pods-Pizenatto-PizenattoUITests/Pods-Pizenatto-PizenattoUITests.debug.xcconfig"; sourceTree = "<group>"; };
		E91239E72E4DC94AC246DFC9 /* Pods_PizenattoTests.framework */ = {isa = PBXFileReference; explicitFileType = wrapper.framework; includeInIndex = 0; path = Pods_PizenattoTests.framework; sourceTree = BUILT_PRODUCTS_DIR; };
		EA54959CDDD67E6EE0B6796F /* Pods_Pizenatto_PizenattoUITests.framework */ = {isa = PBXFileReference; explicitFileType = wrapper.framework; includeInIndex = 0; path = Pods_Pizenatto_PizenattoUITests.framework; sourceTree = BUILT_PRODUCTS_DIR; };
		F79D0CFDD5B35018D8A964D7 /* Pods-PizenattoTests.release.xcconfig */ = {isa = PBXFileReference; includeInIndex = 1; lastKnownFileType = text.xcconfig; name = "Pods-PizenattoTests.release.xcconfig"; path = "Target Support Files/Pods-PizenattoTests/Pods-PizenattoTests.release.xcconfig"; sourceTree = "<group>"; };
		F889A62D144C908FCBAB8778 /* Pods-Pizenatto.debug.xcconfig */ = {isa = PBXFileReference; includeInIndex = 1; lastKnownFileType = text.xcconfig; name = "Pods-Pizenatto.debug.xcconfig"; path = "Target Support Files/Pods-Pizenatto/Pods-Pizenatto.debug.xcconfig"; sourceTree = "<group>"; };
/* End PBXFileReference section */

/* Begin PBXFrameworksBuildPhase section */
		5EC669DE28F93E7F0001B1E3 /* Frameworks */ = {
			isa = PBXFrameworksBuildPhase;
			buildActionMask = 2147483647;
			files = (
				85E1053245625BC22F19748E /* Pods_Pizenatto.framework in Frameworks */,
			);
			runOnlyForDeploymentPostprocessing = 0;
		};
		5EC669F428F93E800001B1E3 /* Frameworks */ = {
			isa = PBXFrameworksBuildPhase;
			buildActionMask = 2147483647;
			files = (
				5513E994CD249C0B35C61C59 /* Pods_PizenattoTests.framework in Frameworks */,
			);
			runOnlyForDeploymentPostprocessing = 0;
		};
		5EC669FE28F93E800001B1E3 /* Frameworks */ = {
			isa = PBXFrameworksBuildPhase;
			buildActionMask = 2147483647;
			files = (
				68C11EAC0127487D98394F56 /* Pods_Pizenatto_PizenattoUITests.framework in Frameworks */,
			);
			runOnlyForDeploymentPostprocessing = 0;
		};
/* End PBXFrameworksBuildPhase section */

/* Begin PBXGroup section */
		5E14E2E028FAE00A004F5845 /* Views */ = {
			isa = PBXGroup;
			children = (
				5E14E2E128FAE01A004F5845 /* CityButtonView.swift */,
			);
			path = Views;
			sourceTree = "<group>";
		};
		5EC669D828F93E7F0001B1E3 = {
			isa = PBXGroup;
			children = (
				5EC669E328F93E7F0001B1E3 /* Pizenatto */,
				5EC669FA28F93E800001B1E3 /* PizenattoTests */,
				5EC66A0428F93E800001B1E3 /* PizenattoUITests */,
				5EC669E228F93E7F0001B1E3 /* Products */,
				95960EEFE5B41BB522357F35 /* Pods */,
				D978AE2160AC3A23E2C9567C /* Frameworks */,
			);
			sourceTree = "<group>";
		};
		5EC669E228F93E7F0001B1E3 /* Products */ = {
			isa = PBXGroup;
			children = (
				5EC669E128F93E7F0001B1E3 /* Pizenatto.app */,
				5EC669F728F93E800001B1E3 /* PizenattoTests.xctest */,
				5EC66A0128F93E800001B1E3 /* PizenattoUITests.xctest */,
			);
			name = Products;
			sourceTree = "<group>";
		};
		5EC669E328F93E7F0001B1E3 /* Pizenatto */ = {
			isa = PBXGroup;
			children = (
				5EC66A5228F954F80001B1E3 /* Core */,
				5EC66A5D28F9AD210001B1E3 /* Screens */,
				5EC669E428F93E7F0001B1E3 /* AppDelegate.swift */,
				5EC669E628F93E7F0001B1E3 /* SceneDelegate.swift */,
				5EC669EA28F93E7F0001B1E3 /* Main.storyboard */,
				5EC669ED28F93E7F0001B1E3 /* Assets.xcassets */,
				5EC669EF28F93E7F0001B1E3 /* LaunchScreen.storyboard */,
				5EC669F228F93E7F0001B1E3 /* Info.plist */,
			);
			path = Pizenatto;
			sourceTree = "<group>";
		};
		5EC669FA28F93E800001B1E3 /* PizenattoTests */ = {
			isa = PBXGroup;
			children = (
				5EC669FB28F93E800001B1E3 /* PizenattoTests.swift */,
			);
			path = PizenattoTests;
			sourceTree = "<group>";
		};
		5EC66A0428F93E800001B1E3 /* PizenattoUITests */ = {
			isa = PBXGroup;
			children = (
				5EC66A0528F93E800001B1E3 /* PizenattoUITests.swift */,
				5EC66A0728F93E800001B1E3 /* PizenattoUITestsLaunchTests.swift */,
			);
			path = PizenattoUITests;
			sourceTree = "<group>";
		};
		5EC66A5228F954F80001B1E3 /* Core */ = {
			isa = PBXGroup;
			children = (
				5E14E2E028FAE00A004F5845 /* Views */,
				5EC66A7728FA924B0001B1E3 /* Entities */,
				5EC66A6A28F9BE930001B1E3 /* Models */,
				5EC66A5C28F9AD050001B1E3 /* Extensions */,
				5EC66A5328F955010001B1E3 /* ServiceLayer */,
			);
			path = Core;
			sourceTree = "<group>";
		};
		5EC66A5328F955010001B1E3 /* ServiceLayer */ = {
			isa = PBXGroup;
			children = (
				5EC66A5428F955190001B1E3 /* NetworkService.swift */,
				5EC66A5628F955650001B1E3 /* DecoderService.swift */,
				5EC66A5828F959960001B1E3 /* APIService.swift */,
				5EC66A8028FA93760001B1E3 /* ModuleBuilder.swift */,
				5E14E2DA28FADED4004F5845 /* NetworkMonitorService.swift */,
			);
			path = ServiceLayer;
			sourceTree = "<group>";
		};
		5EC66A5C28F9AD050001B1E3 /* Extensions */ = {
			isa = PBXGroup;
			children = (
				5EC66A6828F9B0900001B1E3 /* UIView.swift */,
				5EC66A6028F9AEE80001B1E3 /* UICollectionViewCell.swift */,
				5EC66A6228F9AF6B0001B1E3 /* UICollectionView.swift */,
				5EC66A6428F9AFAF0001B1E3 /* UITableViewCell.swift */,
				5EC66A6628F9B0010001B1E3 /* UITableView.swift */,
				5E14E2DC28FADF43004F5845 /* UIImageView.swift */,
			);
			path = Extensions;
			sourceTree = "<group>";
		};
		5EC66A5D28F9AD210001B1E3 /* Screens */ = {
			isa = PBXGroup;
			children = (
				5EC66A1428F951680001B1E3 /* TabbarController.swift */,
				5EC66A5E28F9AD420001B1E3 /* Catalog */,
			);
			path = Screens;
			sourceTree = "<group>";
		};
		5EC66A5E28F9AD420001B1E3 /* Catalog */ = {
			isa = PBXGroup;
			children = (
				5EC669E828F93E7F0001B1E3 /* CatalogViewController.swift */,
				5EC66A7128F9F7C90001B1E3 /* CatalogPresenter.swift */,
				5EC66A5F28F9AD700001B1E3 /* Subviews */,
			);
			path = Catalog;
			sourceTree = "<group>";
		};
		5EC66A5F28F9AD700001B1E3 /* Subviews */ = {
			isa = PBXGroup;
			children = (
				5EC66A5A28F9A8A30001B1E3 /* CategoriesHeaderView.swift */,
				5EC66A6D28F9BEEB0001B1E3 /* CategoryCollectionViewCell.swift */,
				5EC66A6F28F9F5A20001B1E3 /* ProductTableViewCell.swift */,
				5EC66A7328FA92210001B1E3 /* PromotionsTableViewCell.swift */,
				5EC66A7528FA923A0001B1E3 /* PromotionCollectionViewCell.swift */,
				5E14E2E328FAE0F3004F5845 /* EmptyTableViewCell.swift */,
			);
			path = Subviews;
			sourceTree = "<group>";
		};
		5EC66A6A28F9BE930001B1E3 /* Models */ = {
			isa = PBXGroup;
			children = (
				5EC66A7A28FA92BA0001B1E3 /* PromotionModel.swift */,
				5EC66A7C28FA92CE0001B1E3 /* CategoryModel.swift */,
				5EC66A7E28FA92E20001B1E3 /* ProductModel.swift */,
				5E14E2DE28FADFA5004F5845 /* CategoryResponseModel.swift */,
			);
			path = Models;
			sourceTree = "<group>";
		};
		5EC66A7728FA924B0001B1E3 /* Entities */ = {
			isa = PBXGroup;
			children = (
				5EC66A7828FA929B0001B1E3 /* Section.swift */,
			);
			path = Entities;
			sourceTree = "<group>";
		};
		95960EEFE5B41BB522357F35 /* Pods */ = {
			isa = PBXGroup;
			children = (
				F889A62D144C908FCBAB8778 /* Pods-Pizenatto.debug.xcconfig */,
				9B6087CC741C41D15CEB289D /* Pods-Pizenatto.release.xcconfig */,
				ADB6D78B9AA82AA07A86FB0D /* Pods-Pizenatto-PizenattoUITests.debug.xcconfig */,
				A82BF405FC425157C674F73C /* Pods-Pizenatto-PizenattoUITests.release.xcconfig */,
				65F52EA37666F34F302D4D50 /* Pods-PizenattoTests.debug.xcconfig */,
				F79D0CFDD5B35018D8A964D7 /* Pods-PizenattoTests.release.xcconfig */,
			);
			path = Pods;
			sourceTree = "<group>";
		};
		D978AE2160AC3A23E2C9567C /* Frameworks */ = {
			isa = PBXGroup;
			children = (
				77923A3D5B310E454246E60E /* Pods_Pizenatto.framework */,
				EA54959CDDD67E6EE0B6796F /* Pods_Pizenatto_PizenattoUITests.framework */,
				E91239E72E4DC94AC246DFC9 /* Pods_PizenattoTests.framework */,
			);
			name = Frameworks;
			sourceTree = "<group>";
		};
/* End PBXGroup section */

/* Begin PBXNativeTarget section */
		5EC669E028F93E7F0001B1E3 /* Pizenatto */ = {
			isa = PBXNativeTarget;
			buildConfigurationList = 5EC66A0B28F93E800001B1E3 /* Build configuration list for PBXNativeTarget "Pizenatto" */;
			buildPhases = (
				352BB9DE774ADCF1AF873153 /* [CP] Check Pods Manifest.lock */,
				5EC669DD28F93E7F0001B1E3 /* Sources */,
				5EC669DE28F93E7F0001B1E3 /* Frameworks */,
				5EC669DF28F93E7F0001B1E3 /* Resources */,
			);
			buildRules = (
			);
			dependencies = (
			);
			name = Pizenatto;
			productName = Pizenatto;
			productReference = 5EC669E128F93E7F0001B1E3 /* Pizenatto.app */;
			productType = "com.apple.product-type.application";
		};
		5EC669F628F93E800001B1E3 /* PizenattoTests */ = {
			isa = PBXNativeTarget;
			buildConfigurationList = 5EC66A0E28F93E800001B1E3 /* Build configuration list for PBXNativeTarget "PizenattoTests" */;
			buildPhases = (
				35DBC69B2235D35354701238 /* [CP] Check Pods Manifest.lock */,
				5EC669F328F93E800001B1E3 /* Sources */,
				5EC669F428F93E800001B1E3 /* Frameworks */,
				5EC669F528F93E800001B1E3 /* Resources */,
			);
			buildRules = (
			);
			dependencies = (
				5EC669F928F93E800001B1E3 /* PBXTargetDependency */,
			);
			name = PizenattoTests;
			productName = PizenattoTests;
			productReference = 5EC669F728F93E800001B1E3 /* PizenattoTests.xctest */;
			productType = "com.apple.product-type.bundle.unit-test";
		};
		5EC66A0028F93E800001B1E3 /* PizenattoUITests */ = {
			isa = PBXNativeTarget;
			buildConfigurationList = 5EC66A1128F93E800001B1E3 /* Build configuration list for PBXNativeTarget "PizenattoUITests" */;
			buildPhases = (
				471B93A38805F836F2D8B2C6 /* [CP] Check Pods Manifest.lock */,
				5EC669FD28F93E800001B1E3 /* Sources */,
				5EC669FE28F93E800001B1E3 /* Frameworks */,
				5EC669FF28F93E800001B1E3 /* Resources */,
			);
			buildRules = (
			);
			dependencies = (
				5EC66A0328F93E800001B1E3 /* PBXTargetDependency */,
			);
			name = PizenattoUITests;
			productName = PizenattoUITests;
			productReference = 5EC66A0128F93E800001B1E3 /* PizenattoUITests.xctest */;
			productType = "com.apple.product-type.bundle.ui-testing";
		};
/* End PBXNativeTarget section */

/* Begin PBXProject section */
		5EC669D928F93E7F0001B1E3 /* Project object */ = {
			isa = PBXProject;
			attributes = {
				BuildIndependentTargetsInParallel = 1;
				LastSwiftUpdateCheck = 1330;
				LastUpgradeCheck = 1330;
				TargetAttributes = {
					5EC669E028F93E7F0001B1E3 = {
						CreatedOnToolsVersion = 13.3.1;
					};
					5EC669F628F93E800001B1E3 = {
						CreatedOnToolsVersion = 13.3.1;
						TestTargetID = 5EC669E028F93E7F0001B1E3;
					};
					5EC66A0028F93E800001B1E3 = {
						CreatedOnToolsVersion = 13.3.1;
						TestTargetID = 5EC669E028F93E7F0001B1E3;
					};
				};
			};
			buildConfigurationList = 5EC669DC28F93E7F0001B1E3 /* Build configuration list for PBXProject "Pizenatto" */;
			compatibilityVersion = "Xcode 13.0";
			developmentRegion = en;
			hasScannedForEncodings = 0;
			knownRegions = (
				en,
				Base,
			);
			mainGroup = 5EC669D828F93E7F0001B1E3;
			productRefGroup = 5EC669E228F93E7F0001B1E3 /* Products */;
			projectDirPath = "";
			projectRoot = "";
			targets = (
				5EC669E028F93E7F0001B1E3 /* Pizenatto */,
				5EC669F628F93E800001B1E3 /* PizenattoTests */,
				5EC66A0028F93E800001B1E3 /* PizenattoUITests */,
			);
		};
/* End PBXProject section */

/* Begin PBXResourcesBuildPhase section */
		5EC669DF28F93E7F0001B1E3 /* Resources */ = {
			isa = PBXResourcesBuildPhase;
			buildActionMask = 2147483647;
			files = (
				5EC669F128F93E7F0001B1E3 /* LaunchScreen.storyboard in Resources */,
				5EC669EE28F93E7F0001B1E3 /* Assets.xcassets in Resources */,
				5EC669EC28F93E7F0001B1E3 /* Main.storyboard in Resources */,
			);
			runOnlyForDeploymentPostprocessing = 0;
		};
		5EC669F528F93E800001B1E3 /* Resources */ = {
			isa = PBXResourcesBuildPhase;
			buildActionMask = 2147483647;
			files = (
			);
			runOnlyForDeploymentPostprocessing = 0;
		};
		5EC669FF28F93E800001B1E3 /* Resources */ = {
			isa = PBXResourcesBuildPhase;
			buildActionMask = 2147483647;
			files = (
			);
			runOnlyForDeploymentPostprocessing = 0;
		};
/* End PBXResourcesBuildPhase section */

/* Begin PBXShellScriptBuildPhase section */
		352BB9DE774ADCF1AF873153 /* [CP] Check Pods Manifest.lock */ = {
			isa = PBXShellScriptBuildPhase;
			buildActionMask = 2147483647;
			files = (
			);
			inputFileListPaths = (
			);
			inputPaths = (
				"${PODS_PODFILE_DIR_PATH}/Podfile.lock",
				"${PODS_ROOT}/Manifest.lock",
			);
			name = "[CP] Check Pods Manifest.lock";
			outputFileListPaths = (
			);
			outputPaths = (
				"$(DERIVED_FILE_DIR)/Pods-Pizenatto-checkManifestLockResult.txt",
			);
			runOnlyForDeploymentPostprocessing = 0;
			shellPath = /bin/sh;
			shellScript = "diff \"${PODS_PODFILE_DIR_PATH}/Podfile.lock\" \"${PODS_ROOT}/Manifest.lock\" > /dev/null\nif [ $? != 0 ] ; then\n    # print error to STDERR\n    echo \"error: The sandbox is not in sync with the Podfile.lock. Run 'pod install' or update your CocoaPods installation.\" >&2\n    exit 1\nfi\n# This output is used by Xcode 'outputs' to avoid re-running this script phase.\necho \"SUCCESS\" > \"${SCRIPT_OUTPUT_FILE_0}\"\n";
			showEnvVarsInLog = 0;
		};
		35DBC69B2235D35354701238 /* [CP] Check Pods Manifest.lock */ = {
			isa = PBXShellScriptBuildPhase;
			buildActionMask = 2147483647;
			files = (
			);
			inputFileListPaths = (
			);
			inputPaths = (
				"${PODS_PODFILE_DIR_PATH}/Podfile.lock",
				"${PODS_ROOT}/Manifest.lock",
			);
			name = "[CP] Check Pods Manifest.lock";
			outputFileListPaths = (
			);
			outputPaths = (
				"$(DERIVED_FILE_DIR)/Pods-PizenattoTests-checkManifestLockResult.txt",
			);
			runOnlyForDeploymentPostprocessing = 0;
			shellPath = /bin/sh;
			shellScript = "diff \"${PODS_PODFILE_DIR_PATH}/Podfile.lock\" \"${PODS_ROOT}/Manifest.lock\" > /dev/null\nif [ $? != 0 ] ; then\n    # print error to STDERR\n    echo \"error: The sandbox is not in sync with the Podfile.lock. Run 'pod install' or update your CocoaPods installation.\" >&2\n    exit 1\nfi\n# This output is used by Xcode 'outputs' to avoid re-running this script phase.\necho \"SUCCESS\" > \"${SCRIPT_OUTPUT_FILE_0}\"\n";
			showEnvVarsInLog = 0;
		};
		471B93A38805F836F2D8B2C6 /* [CP] Check Pods Manifest.lock */ = {
			isa = PBXShellScriptBuildPhase;
			buildActionMask = 2147483647;
			files = (
			);
			inputFileListPaths = (
			);
			inputPaths = (
				"${PODS_PODFILE_DIR_PATH}/Podfile.lock",
				"${PODS_ROOT}/Manifest.lock",
			);
			name = "[CP] Check Pods Manifest.lock";
			outputFileListPaths = (
			);
			outputPaths = (
				"$(DERIVED_FILE_DIR)/Pods-Pizenatto-PizenattoUITests-checkManifestLockResult.txt",
			);
			runOnlyForDeploymentPostprocessing = 0;
			shellPath = /bin/sh;
			shellScript = "diff \"${PODS_PODFILE_DIR_PATH}/Podfile.lock\" \"${PODS_ROOT}/Manifest.lock\" > /dev/null\nif [ $? != 0 ] ; then\n    # print error to STDERR\n    echo \"error: The sandbox is not in sync with the Podfile.lock. Run 'pod install' or update your CocoaPods installation.\" >&2\n    exit 1\nfi\n# This output is used by Xcode 'outputs' to avoid re-running this script phase.\necho \"SUCCESS\" > \"${SCRIPT_OUTPUT_FILE_0}\"\n";
			showEnvVarsInLog = 0;
		};
/* End PBXShellScriptBuildPhase section */

/* Begin PBXSourcesBuildPhase section */
		5EC669DD28F93E7F0001B1E3 /* Sources */ = {
			isa = PBXSourcesBuildPhase;
			buildActionMask = 2147483647;
			files = (
				5EC66A6928F9B0900001B1E3 /* UIView.swift in Sources */,
				5E14E2DB28FADED4004F5845 /* NetworkMonitorService.swift in Sources */,
				5EC66A6328F9AF6B0001B1E3 /* UICollectionView.swift in Sources */,
				5EC66A7028F9F5A20001B1E3 /* ProductTableViewCell.swift in Sources */,
				5EC66A7428FA92210001B1E3 /* PromotionsTableViewCell.swift in Sources */,
				5E14E2E428FAE0F3004F5845 /* EmptyTableViewCell.swift in Sources */,
				5E14E2E228FAE01A004F5845 /* CityButtonView.swift in Sources */,
				5EC66A7D28FA92CE0001B1E3 /* CategoryModel.swift in Sources */,
				5E14E2DD28FADF43004F5845 /* UIImageView.swift in Sources */,
				5EC669E928F93E7F0001B1E3 /* CatalogViewController.swift in Sources */,
				5EC66A7228F9F7C90001B1E3 /* CatalogPresenter.swift in Sources */,
				5EC66A7F28FA92E20001B1E3 /* ProductModel.swift in Sources */,
				5EC66A7928FA929B0001B1E3 /* Section.swift in Sources */,
				5EC66A5928F959960001B1E3 /* APIService.swift in Sources */,
				5EC66A1528F951680001B1E3 /* TabbarController.swift in Sources */,
				5EC66A5728F955650001B1E3 /* DecoderService.swift in Sources */,
				5E14E2DF28FADFA5004F5845 /* CategoryResponseModel.swift in Sources */,
				5EC66A6728F9B0010001B1E3 /* UITableView.swift in Sources */,
				5EC66A7B28FA92BA0001B1E3 /* PromotionModel.swift in Sources */,
				5EC66A8128FA93760001B1E3 /* ModuleBuilder.swift in Sources */,
				5EC66A6528F9AFAF0001B1E3 /* UITableViewCell.swift in Sources */,
				5EC66A5528F955190001B1E3 /* NetworkService.swift in Sources */,
				5EC669E528F93E7F0001B1E3 /* AppDelegate.swift in Sources */,
				5EC66A6E28F9BEEB0001B1E3 /* CategoryCollectionViewCell.swift in Sources */,
				5EC669E728F93E7F0001B1E3 /* SceneDelegate.swift in Sources */,
				5EC66A5B28F9A8A30001B1E3 /* CategoriesHeaderView.swift in Sources */,
				5EC66A7628FA923A0001B1E3 /* PromotionCollectionViewCell.swift in Sources */,
				5EC66A6128F9AEE80001B1E3 /* UICollectionViewCell.swift in Sources */,
			);
			runOnlyForDeploymentPostprocessing = 0;
		};
		5EC669F328F93E800001B1E3 /* Sources */ = {
			isa = PBXSourcesBuildPhase;
			buildActionMask = 2147483647;
			files = (
				5EC669FC28F93E800001B1E3 /* PizenattoTests.swift in Sources */,
			);
			runOnlyForDeploymentPostprocessing = 0;
		};
		5EC669FD28F93E800001B1E3 /* Sources */ = {
			isa = PBXSourcesBuildPhase;
			buildActionMask = 2147483647;
			files = (
				5EC66A0628F93E800001B1E3 /* PizenattoUITests.swift in Sources */,
				5EC66A0828F93E800001B1E3 /* PizenattoUITestsLaunchTests.swift in Sources */,
			);
			runOnlyForDeploymentPostprocessing = 0;
		};
/* End PBXSourcesBuildPhase section */

/* Begin PBXTargetDependency section */
		5EC669F928F93E800001B1E3 /* PBXTargetDependency */ = {
			isa = PBXTargetDependency;
			target = 5EC669E028F93E7F0001B1E3 /* Pizenatto */;
			targetProxy = 5EC669F828F93E800001B1E3 /* PBXContainerItemProxy */;
		};
		5EC66A0328F93E800001B1E3 /* PBXTargetDependency */ = {
			isa = PBXTargetDependency;
			target = 5EC669E028F93E7F0001B1E3 /* Pizenatto */;
			targetProxy = 5EC66A0228F93E800001B1E3 /* PBXContainerItemProxy */;
		};
/* End PBXTargetDependency section */

/* Begin PBXVariantGroup section */
		5EC669EA28F93E7F0001B1E3 /* Main.storyboard */ = {
			isa = PBXVariantGroup;
			children = (
				5EC669EB28F93E7F0001B1E3 /* Base */,
			);
			name = Main.storyboard;
			sourceTree = "<group>";
		};
		5EC669EF28F93E7F0001B1E3 /* LaunchScreen.storyboard */ = {
			isa = PBXVariantGroup;
			children = (
				5EC669F028F93E7F0001B1E3 /* Base */,
			);
			name = LaunchScreen.storyboard;
			sourceTree = "<group>";
		};
/* End PBXVariantGroup section */

/* Begin XCBuildConfiguration section */
		5EC66A0928F93E800001B1E3 /* Debug */ = {
			isa = XCBuildConfiguration;
			buildSettings = {
				ALWAYS_SEARCH_USER_PATHS = NO;
				CLANG_ANALYZER_NONNULL = YES;
				CLANG_ANALYZER_NUMBER_OBJECT_CONVERSION = YES_AGGRESSIVE;
				CLANG_CXX_LANGUAGE_STANDARD = "gnu++17";
				CLANG_ENABLE_MODULES = YES;
				CLANG_ENABLE_OBJC_ARC = YES;
				CLANG_ENABLE_OBJC_WEAK = YES;
				CLANG_WARN_BLOCK_CAPTURE_AUTORELEASING = YES;
				CLANG_WARN_BOOL_CONVERSION = YES;
				CLANG_WARN_COMMA = YES;
				CLANG_WARN_CONSTANT_CONVERSION = YES;
				CLANG_WARN_DEPRECATED_OBJC_IMPLEMENTATIONS = YES;
				CLANG_WARN_DIRECT_OBJC_ISA_USAGE = YES_ERROR;
				CLANG_WARN_DOCUMENTATION_COMMENTS = YES;
				CLANG_WARN_EMPTY_BODY = YES;
				CLANG_WARN_ENUM_CONVERSION = YES;
				CLANG_WARN_INFINITE_RECURSION = YES;
				CLANG_WARN_INT_CONVERSION = YES;
				CLANG_WARN_NON_LITERAL_NULL_CONVERSION = YES;
				CLANG_WARN_OBJC_IMPLICIT_RETAIN_SELF = YES;
				CLANG_WARN_OBJC_LITERAL_CONVERSION = YES;
				CLANG_WARN_OBJC_ROOT_CLASS = YES_ERROR;
				CLANG_WARN_QUOTED_INCLUDE_IN_FRAMEWORK_HEADER = YES;
				CLANG_WARN_RANGE_LOOP_ANALYSIS = YES;
				CLANG_WARN_STRICT_PROTOTYPES = YES;
				CLANG_WARN_SUSPICIOUS_MOVE = YES;
				CLANG_WARN_UNGUARDED_AVAILABILITY = YES_AGGRESSIVE;
				CLANG_WARN_UNREACHABLE_CODE = YES;
				CLANG_WARN__DUPLICATE_METHOD_MATCH = YES;
				COPY_PHASE_STRIP = NO;
				DEBUG_INFORMATION_FORMAT = dwarf;
				ENABLE_STRICT_OBJC_MSGSEND = YES;
				ENABLE_TESTABILITY = YES;
				GCC_C_LANGUAGE_STANDARD = gnu11;
				GCC_DYNAMIC_NO_PIC = NO;
				GCC_NO_COMMON_BLOCKS = YES;
				GCC_OPTIMIZATION_LEVEL = 0;
				GCC_PREPROCESSOR_DEFINITIONS = (
					"DEBUG=1",
					"$(inherited)",
				);
				GCC_WARN_64_TO_32_BIT_CONVERSION = YES;
				GCC_WARN_ABOUT_RETURN_TYPE = YES_ERROR;
				GCC_WARN_UNDECLARED_SELECTOR = YES;
				GCC_WARN_UNINITIALIZED_AUTOS = YES_AGGRESSIVE;
				GCC_WARN_UNUSED_FUNCTION = YES;
				GCC_WARN_UNUSED_VARIABLE = YES;
				IPHONEOS_DEPLOYMENT_TARGET = 15.4;
				MTL_ENABLE_DEBUG_INFO = INCLUDE_SOURCE;
				MTL_FAST_MATH = YES;
				ONLY_ACTIVE_ARCH = YES;
				SDKROOT = iphoneos;
				SWIFT_ACTIVE_COMPILATION_CONDITIONS = DEBUG;
				SWIFT_OPTIMIZATION_LEVEL = "-Onone";
			};
			name = Debug;
		};
		5EC66A0A28F93E800001B1E3 /* Release */ = {
			isa = XCBuildConfiguration;
			buildSettings = {
				ALWAYS_SEARCH_USER_PATHS = NO;
				CLANG_ANALYZER_NONNULL = YES;
				CLANG_ANALYZER_NUMBER_OBJECT_CONVERSION = YES_AGGRESSIVE;
				CLANG_CXX_LANGUAGE_STANDARD = "gnu++17";
				CLANG_ENABLE_MODULES = YES;
				CLANG_ENABLE_OBJC_ARC = YES;
				CLANG_ENABLE_OBJC_WEAK = YES;
				CLANG_WARN_BLOCK_CAPTURE_AUTORELEASING = YES;
				CLANG_WARN_BOOL_CONVERSION = YES;
				CLANG_WARN_COMMA = YES;
				CLANG_WARN_CONSTANT_CONVERSION = YES;
				CLANG_WARN_DEPRECATED_OBJC_IMPLEMENTATIONS = YES;
				CLANG_WARN_DIRECT_OBJC_ISA_USAGE = YES_ERROR;
				CLANG_WARN_DOCUMENTATION_COMMENTS = YES;
				CLANG_WARN_EMPTY_BODY = YES;
				CLANG_WARN_ENUM_CONVERSION = YES;
				CLANG_WARN_INFINITE_RECURSION = YES;
				CLANG_WARN_INT_CONVERSION = YES;
				CLANG_WARN_NON_LITERAL_NULL_CONVERSION = YES;
				CLANG_WARN_OBJC_IMPLICIT_RETAIN_SELF = YES;
				CLANG_WARN_OBJC_LITERAL_CONVERSION = YES;
				CLANG_WARN_OBJC_ROOT_CLASS = YES_ERROR;
				CLANG_WARN_QUOTED_INCLUDE_IN_FRAMEWORK_HEADER = YES;
				CLANG_WARN_RANGE_LOOP_ANALYSIS = YES;
				CLANG_WARN_STRICT_PROTOTYPES = YES;
				CLANG_WARN_SUSPICIOUS_MOVE = YES;
				CLANG_WARN_UNGUARDED_AVAILABILITY = YES_AGGRESSIVE;
				CLANG_WARN_UNREACHABLE_CODE = YES;
				CLANG_WARN__DUPLICATE_METHOD_MATCH = YES;
				COPY_PHASE_STRIP = NO;
				DEBUG_INFORMATION_FORMAT = "dwarf-with-dsym";
				ENABLE_NS_ASSERTIONS = NO;
				ENABLE_STRICT_OBJC_MSGSEND = YES;
				GCC_C_LANGUAGE_STANDARD = gnu11;
				GCC_NO_COMMON_BLOCKS = YES;
				GCC_WARN_64_TO_32_BIT_CONVERSION = YES;
				GCC_WARN_ABOUT_RETURN_TYPE = YES_ERROR;
				GCC_WARN_UNDECLARED_SELECTOR = YES;
				GCC_WARN_UNINITIALIZED_AUTOS = YES_AGGRESSIVE;
				GCC_WARN_UNUSED_FUNCTION = YES;
				GCC_WARN_UNUSED_VARIABLE = YES;
				IPHONEOS_DEPLOYMENT_TARGET = 15.4;
				MTL_ENABLE_DEBUG_INFO = NO;
				MTL_FAST_MATH = YES;
				SDKROOT = iphoneos;
				SWIFT_COMPILATION_MODE = wholemodule;
				SWIFT_OPTIMIZATION_LEVEL = "-O";
				VALIDATE_PRODUCT = YES;
			};
			name = Release;
		};
		5EC66A0C28F93E800001B1E3 /* Debug */ = {
			isa = XCBuildConfiguration;
			baseConfigurationReference = F889A62D144C908FCBAB8778 /* Pods-Pizenatto.debug.xcconfig */;
			buildSettings = {
				ASSETCATALOG_COMPILER_APPICON_NAME = AppIcon;
				ASSETCATALOG_COMPILER_GLOBAL_ACCENT_COLOR_NAME = AccentColor;
				CODE_SIGN_STYLE = Automatic;
				CURRENT_PROJECT_VERSION = 1;
				GENERATE_INFOPLIST_FILE = YES;
				INFOPLIST_FILE = Pizenatto/Info.plist;
				INFOPLIST_KEY_UIApplicationSupportsIndirectInputEvents = YES;
				INFOPLIST_KEY_UILaunchStoryboardName = LaunchScreen;
				INFOPLIST_KEY_UIMainStoryboardFile = Main;
				INFOPLIST_KEY_UISupportedInterfaceOrientations_iPad = "UIInterfaceOrientationPortrait UIInterfaceOrientationPortraitUpsideDown UIInterfaceOrientationLandscapeLeft UIInterfaceOrientationLandscapeRight";
				INFOPLIST_KEY_UISupportedInterfaceOrientations_iPhone = "UIInterfaceOrientationPortrait UIInterfaceOrientationLandscapeLeft UIInterfaceOrientationLandscapeRight";
				LD_RUNPATH_SEARCH_PATHS = (
					"$(inherited)",
					"@executable_path/Frameworks",
				);
				MARKETING_VERSION = 1.0;
				PRODUCT_BUNDLE_IDENTIFIER = "-23.Pizenatto";
				PRODUCT_NAME = "$(TARGET_NAME)";
				SWIFT_EMIT_LOC_STRINGS = YES;
				SWIFT_VERSION = 5.0;
				TARGETED_DEVICE_FAMILY = "1,2";
			};
			name = Debug;
		};
		5EC66A0D28F93E800001B1E3 /* Release */ = {
			isa = XCBuildConfiguration;
			baseConfigurationReference = 9B6087CC741C41D15CEB289D /* Pods-Pizenatto.release.xcconfig */;
			buildSettings = {
				ASSETCATALOG_COMPILER_APPICON_NAME = AppIcon;
				ASSETCATALOG_COMPILER_GLOBAL_ACCENT_COLOR_NAME = AccentColor;
				CODE_SIGN_STYLE = Automatic;
				CURRENT_PROJECT_VERSION = 1;
				GENERATE_INFOPLIST_FILE = YES;
				INFOPLIST_FILE = Pizenatto/Info.plist;
				INFOPLIST_KEY_UIApplicationSupportsIndirectInputEvents = YES;
				INFOPLIST_KEY_UILaunchStoryboardName = LaunchScreen;
				INFOPLIST_KEY_UIMainStoryboardFile = Main;
				INFOPLIST_KEY_UISupportedInterfaceOrientations_iPad = "UIInterfaceOrientationPortrait UIInterfaceOrientationPortraitUpsideDown UIInterfaceOrientationLandscapeLeft UIInterfaceOrientationLandscapeRight";
				INFOPLIST_KEY_UISupportedInterfaceOrientations_iPhone = "UIInterfaceOrientationPortrait UIInterfaceOrientationLandscapeLeft UIInterfaceOrientationLandscapeRight";
				LD_RUNPATH_SEARCH_PATHS = (
					"$(inherited)",
					"@executable_path/Frameworks",
				);
				MARKETING_VERSION = 1.0;
				PRODUCT_BUNDLE_IDENTIFIER = "-23.Pizenatto";
				PRODUCT_NAME = "$(TARGET_NAME)";
				SWIFT_EMIT_LOC_STRINGS = YES;
				SWIFT_VERSION = 5.0;
				TARGETED_DEVICE_FAMILY = "1,2";
			};
			name = Release;
		};
		5EC66A0F28F93E800001B1E3 /* Debug */ = {
			isa = XCBuildConfiguration;
			baseConfigurationReference = 65F52EA37666F34F302D4D50 /* Pods-PizenattoTests.debug.xcconfig */;
			buildSettings = {
				ALWAYS_EMBED_SWIFT_STANDARD_LIBRARIES = YES;
				BUNDLE_LOADER = "$(TEST_HOST)";
				CODE_SIGN_STYLE = Automatic;
				CURRENT_PROJECT_VERSION = 1;
				GENERATE_INFOPLIST_FILE = YES;
				IPHONEOS_DEPLOYMENT_TARGET = 15.4;
				MARKETING_VERSION = 1.0;
				PRODUCT_BUNDLE_IDENTIFIER = "-23.PizenattoTests";
				PRODUCT_NAME = "$(TARGET_NAME)";
				SWIFT_EMIT_LOC_STRINGS = NO;
				SWIFT_VERSION = 5.0;
				TARGETED_DEVICE_FAMILY = "1,2";
				TEST_HOST = "$(BUILT_PRODUCTS_DIR)/Pizenatto.app/Pizenatto";
			};
			name = Debug;
		};
		5EC66A1028F93E800001B1E3 /* Release */ = {
			isa = XCBuildConfiguration;
			baseConfigurationReference = F79D0CFDD5B35018D8A964D7 /* Pods-PizenattoTests.release.xcconfig */;
			buildSettings = {
				ALWAYS_EMBED_SWIFT_STANDARD_LIBRARIES = YES;
				BUNDLE_LOADER = "$(TEST_HOST)";
				CODE_SIGN_STYLE = Automatic;
				CURRENT_PROJECT_VERSION = 1;
				GENERATE_INFOPLIST_FILE = YES;
				IPHONEOS_DEPLOYMENT_TARGET = 15.4;
				MARKETING_VERSION = 1.0;
				PRODUCT_BUNDLE_IDENTIFIER = "-23.PizenattoTests";
				PRODUCT_NAME = "$(TARGET_NAME)";
				SWIFT_EMIT_LOC_STRINGS = NO;
				SWIFT_VERSION = 5.0;
				TARGETED_DEVICE_FAMILY = "1,2";
				TEST_HOST = "$(BUILT_PRODUCTS_DIR)/Pizenatto.app/Pizenatto";
			};
			name = Release;
		};
		5EC66A1228F93E800001B1E3 /* Debug */ = {
			isa = XCBuildConfiguration;
			baseConfigurationReference = ADB6D78B9AA82AA07A86FB0D /* Pods-Pizenatto-PizenattoUITests.debug.xcconfig */;
			buildSettings = {
				ALWAYS_EMBED_SWIFT_STANDARD_LIBRARIES = YES;
				CODE_SIGN_STYLE = Automatic;
				CURRENT_PROJECT_VERSION = 1;
				GENERATE_INFOPLIST_FILE = YES;
				MARKETING_VERSION = 1.0;
				PRODUCT_BUNDLE_IDENTIFIER = "-23.PizenattoUITests";
				PRODUCT_NAME = "$(TARGET_NAME)";
				SWIFT_EMIT_LOC_STRINGS = NO;
				SWIFT_VERSION = 5.0;
				TARGETED_DEVICE_FAMILY = "1,2";
				TEST_TARGET_NAME = Pizenatto;
			};
			name = Debug;
		};
		5EC66A1328F93E800001B1E3 /* Release */ = {
			isa = XCBuildConfiguration;
			baseConfigurationReference = A82BF405FC425157C674F73C /* Pods-Pizenatto-PizenattoUITests.release.xcconfig */;
			buildSettings = {
				ALWAYS_EMBED_SWIFT_STANDARD_LIBRARIES = YES;
				CODE_SIGN_STYLE = Automatic;
				CURRENT_PROJECT_VERSION = 1;
				GENERATE_INFOPLIST_FILE = YES;
				MARKETING_VERSION = 1.0;
				PRODUCT_BUNDLE_IDENTIFIER = "-23.PizenattoUITests";
				PRODUCT_NAME = "$(TARGET_NAME)";
				SWIFT_EMIT_LOC_STRINGS = NO;
				SWIFT_VERSION = 5.0;
				TARGETED_DEVICE_FAMILY = "1,2";
				TEST_TARGET_NAME = Pizenatto;
			};
			name = Release;
		};
/* End XCBuildConfiguration section */

/* Begin XCConfigurationList section */
		5EC669DC28F93E7F0001B1E3 /* Build configuration list for PBXProject "Pizenatto" */ = {
			isa = XCConfigurationList;
			buildConfigurations = (
				5EC66A0928F93E800001B1E3 /* Debug */,
				5EC66A0A28F93E800001B1E3 /* Release */,
			);
			defaultConfigurationIsVisible = 0;
			defaultConfigurationName = Release;
		};
		5EC66A0B28F93E800001B1E3 /* Build configuration list for PBXNativeTarget "Pizenatto" */ = {
			isa = XCConfigurationList;
			buildConfigurations = (
				5EC66A0C28F93E800001B1E3 /* Debug */,
				5EC66A0D28F93E800001B1E3 /* Release */,
			);
			defaultConfigurationIsVisible = 0;
			defaultConfigurationName = Release;
		};
		5EC66A0E28F93E800001B1E3 /* Build configuration list for PBXNativeTarget "PizenattoTests" */ = {
			isa = XCConfigurationList;
			buildConfigurations = (
				5EC66A0F28F93E800001B1E3 /* Debug */,
				5EC66A1028F93E800001B1E3 /* Release */,
			);
			defaultConfigurationIsVisible = 0;
			defaultConfigurationName = Release;
		};
		5EC66A1128F93E800001B1E3 /* Build configuration list for PBXNativeTarget "PizenattoUITests" */ = {
			isa = XCConfigurationList;
			buildConfigurations = (
				5EC66A1228F93E800001B1E3 /* Debug */,
				5EC66A1328F93E800001B1E3 /* Release */,
			);
			defaultConfigurationIsVisible = 0;
			defaultConfigurationName = Release;
		};
/* End XCConfigurationList section */
	};
	rootObject = 5EC669D928F93E7F0001B1E3 /* Project object */;
}
